// !$*UTF8*$!
{
	archiveVersion = 1;
	classes = {
	};
	objectVersion = 51;
	objects = {

/* Begin PBXBuildFile section */
		101E0110516A3BF3B1E3636F /* Pods_MovieSearchApp.framework in Frameworks */ = {isa = PBXBuildFile; fileRef = 646B8839EDDEB5D3B8CC3AFA /* Pods_MovieSearchApp.framework */; };
		B53519EA25BD8E6A008579CE /* MovieDetails.swift in Sources */ = {isa = PBXBuildFile; fileRef = B53519E925BD8E6A008579CE /* MovieDetails.swift */; };
		B53635B925BA181F003D8A36 /* AppDelegate.swift in Sources */ = {isa = PBXBuildFile; fileRef = B53635B825BA181F003D8A36 /* AppDelegate.swift */; };
		B53635C025BA181F003D8A36 /* Main.storyboard in Resources */ = {isa = PBXBuildFile; fileRef = B53635BE25BA181F003D8A36 /* Main.storyboard */; };
		B53635C225BA1820003D8A36 /* Assets.xcassets in Resources */ = {isa = PBXBuildFile; fileRef = B53635C125BA1820003D8A36 /* Assets.xcassets */; };
		B53635C525BA1820003D8A36 /* LaunchScreen.storyboard in Resources */ = {isa = PBXBuildFile; fileRef = B53635C325BA1820003D8A36 /* LaunchScreen.storyboard */; };
		B5A1904425BADC810086B214 /* MovieAppError.swift in Sources */ = {isa = PBXBuildFile; fileRef = B5A1904325BADC810086B214 /* MovieAppError.swift */; };
		B5A1904725BADCBA0086B214 /* DateFormatter+Extensions.swift in Sources */ = {isa = PBXBuildFile; fileRef = B5A1904625BADCBA0086B214 /* DateFormatter+Extensions.swift */; };
		B5A1904C25BADD850086B214 /* OMDBApi.swift in Sources */ = {isa = PBXBuildFile; fileRef = B5A1904B25BADD850086B214 /* OMDBApi.swift */; };
		B5A1905025BADE470086B214 /* MovieData.swift in Sources */ = {isa = PBXBuildFile; fileRef = B5A1904F25BADE470086B214 /* MovieData.swift */; };
		B5A1905625BAE1C80086B214 /* MovieSearchResult.swift in Sources */ = {isa = PBXBuildFile; fileRef = B5A1905525BAE1C80086B214 /* MovieSearchResult.swift */; };
		B5B9EB4625BC0FCE00539456 /* MovieCell.swift in Sources */ = {isa = PBXBuildFile; fileRef = B5B9EB4525BC0FCE00539456 /* MovieCell.swift */; };
		B5B9EB4A25BC196C00539456 /* LoadingView.swift in Sources */ = {isa = PBXBuildFile; fileRef = B5B9EB4925BC196C00539456 /* LoadingView.swift */; };
		B5B9EB4D25BC2ADA00539456 /* MovieCollectionFooterView.swift in Sources */ = {isa = PBXBuildFile; fileRef = B5B9EB4C25BC2ADA00539456 /* MovieCollectionFooterView.swift */; };
		B5FE069A25BA1BE100CFC7DC /* MovieListViewController.swift in Sources */ = {isa = PBXBuildFile; fileRef = B5FE069925BA1BE100CFC7DC /* MovieListViewController.swift */; };
		B5FE069E25BA1BF000CFC7DC /* MovieDetailsViewController.swift in Sources */ = {isa = PBXBuildFile; fileRef = B5FE069D25BA1BF000CFC7DC /* MovieDetailsViewController.swift */; };
		B5FE06A125BA1BFA00CFC7DC /* MovieListViewModel.swift in Sources */ = {isa = PBXBuildFile; fileRef = B5FE06A025BA1BFA00CFC7DC /* MovieListViewModel.swift */; };
		B5FE06A425BA1C0600CFC7DC /* MovieDetailsViewModel.swift in Sources */ = {isa = PBXBuildFile; fileRef = B5FE06A325BA1C0600CFC7DC /* MovieDetailsViewModel.swift */; };
		B5FE06A925BA1CCD00CFC7DC /* UIViewController+Extensions.swift in Sources */ = {isa = PBXBuildFile; fileRef = B5FE06A825BA1CCD00CFC7DC /* UIViewController+Extensions.swift */; };
		B5FE06AD25BA1E1D00CFC7DC /* RequestManager.swift in Sources */ = {isa = PBXBuildFile; fileRef = B5FE06AC25BA1E1D00CFC7DC /* RequestManager.swift */; };
		B5FE06B425BA201400CFC7DC /* Presentable.swift in Sources */ = {isa = PBXBuildFile; fileRef = B5FE06B125BA201400CFC7DC /* Presentable.swift */; };
		B5FE06B525BA201400CFC7DC /* Router.swift in Sources */ = {isa = PBXBuildFile; fileRef = B5FE06B225BA201400CFC7DC /* Router.swift */; };
		B5FE06B625BA201400CFC7DC /* Coordinator.swift in Sources */ = {isa = PBXBuildFile; fileRef = B5FE06B325BA201400CFC7DC /* Coordinator.swift */; };
		B5FE06B925BA202A00CFC7DC /* AppCoordinator.swift in Sources */ = {isa = PBXBuildFile; fileRef = B5FE06B825BA202A00CFC7DC /* AppCoordinator.swift */; };
/* End PBXBuildFile section */

/* Begin PBXFileReference section */
		29FDB0BC6A589E2F162B97F2 /* Pods-MovieSearchApp.debug.xcconfig */ = {isa = PBXFileReference; includeInIndex = 1; lastKnownFileType = text.xcconfig; name = "Pods-MovieSearchApp.debug.xcconfig"; path = "Target Support Files/Pods-MovieSearchApp/Pods-MovieSearchApp.debug.xcconfig"; sourceTree = "<group>"; };
		4080C01CA12606D6FEC713D3 /* Pods-MovieSearchApp.release.xcconfig */ = {isa = PBXFileReference; includeInIndex = 1; lastKnownFileType = text.xcconfig; name = "Pods-MovieSearchApp.release.xcconfig"; path = "Target Support Files/Pods-MovieSearchApp/Pods-MovieSearchApp.release.xcconfig"; sourceTree = "<group>"; };
		646B8839EDDEB5D3B8CC3AFA /* Pods_MovieSearchApp.framework */ = {isa = PBXFileReference; explicitFileType = wrapper.framework; includeInIndex = 0; path = Pods_MovieSearchApp.framework; sourceTree = BUILT_PRODUCTS_DIR; };
		B53519E925BD8E6A008579CE /* MovieDetails.swift */ = {isa = PBXFileReference; lastKnownFileType = sourcecode.swift; path = MovieDetails.swift; sourceTree = "<group>"; };
		B53635B525BA181F003D8A36 /* MovieSearchApp.app */ = {isa = PBXFileReference; explicitFileType = wrapper.application; includeInIndex = 0; path = MovieSearchApp.app; sourceTree = BUILT_PRODUCTS_DIR; };
		B53635B825BA181F003D8A36 /* AppDelegate.swift */ = {isa = PBXFileReference; lastKnownFileType = sourcecode.swift; path = AppDelegate.swift; sourceTree = "<group>"; };
		B53635BF25BA181F003D8A36 /* Base */ = {isa = PBXFileReference; lastKnownFileType = file.storyboard; name = Base; path = Base.lproj/Main.storyboard; sourceTree = "<group>"; };
		B53635C125BA1820003D8A36 /* Assets.xcassets */ = {isa = PBXFileReference; lastKnownFileType = folder.assetcatalog; path = Assets.xcassets; sourceTree = "<group>"; };
		B53635C425BA1820003D8A36 /* Base */ = {isa = PBXFileReference; lastKnownFileType = file.storyboard; name = Base; path = Base.lproj/LaunchScreen.storyboard; sourceTree = "<group>"; };
		B53635C625BA1820003D8A36 /* Info.plist */ = {isa = PBXFileReference; lastKnownFileType = text.plist.xml; path = Info.plist; sourceTree = "<group>"; };
		B5A1904325BADC810086B214 /* MovieAppError.swift */ = {isa = PBXFileReference; lastKnownFileType = sourcecode.swift; path = MovieAppError.swift; sourceTree = "<group>"; };
		B5A1904625BADCBA0086B214 /* DateFormatter+Extensions.swift */ = {isa = PBXFileReference; lastKnownFileType = sourcecode.swift; path = "DateFormatter+Extensions.swift"; sourceTree = "<group>"; };
		B5A1904B25BADD850086B214 /* OMDBApi.swift */ = {isa = PBXFileReference; lastKnownFileType = sourcecode.swift; path = OMDBApi.swift; sourceTree = "<group>"; };
		B5A1904F25BADE470086B214 /* MovieData.swift */ = {isa = PBXFileReference; lastKnownFileType = sourcecode.swift; path = MovieData.swift; sourceTree = "<group>"; };
		B5A1905525BAE1C80086B214 /* MovieSearchResult.swift */ = {isa = PBXFileReference; lastKnownFileType = sourcecode.swift; path = MovieSearchResult.swift; sourceTree = "<group>"; };
		B5B9EB4525BC0FCE00539456 /* MovieCell.swift */ = {isa = PBXFileReference; lastKnownFileType = sourcecode.swift; path = MovieCell.swift; sourceTree = "<group>"; };
		B5B9EB4925BC196C00539456 /* LoadingView.swift */ = {isa = PBXFileReference; lastKnownFileType = sourcecode.swift; path = LoadingView.swift; sourceTree = "<group>"; };
		B5B9EB4C25BC2ADA00539456 /* MovieCollectionFooterView.swift */ = {isa = PBXFileReference; lastKnownFileType = sourcecode.swift; path = MovieCollectionFooterView.swift; sourceTree = "<group>"; };
		B5FE069925BA1BE100CFC7DC /* MovieListViewController.swift */ = {isa = PBXFileReference; lastKnownFileType = sourcecode.swift; path = MovieListViewController.swift; sourceTree = "<group>"; };
		B5FE069D25BA1BF000CFC7DC /* MovieDetailsViewController.swift */ = {isa = PBXFileReference; lastKnownFileType = sourcecode.swift; path = MovieDetailsViewController.swift; sourceTree = "<group>"; };
		B5FE06A025BA1BFA00CFC7DC /* MovieListViewModel.swift */ = {isa = PBXFileReference; lastKnownFileType = sourcecode.swift; path = MovieListViewModel.swift; sourceTree = "<group>"; };
		B5FE06A325BA1C0600CFC7DC /* MovieDetailsViewModel.swift */ = {isa = PBXFileReference; lastKnownFileType = sourcecode.swift; path = MovieDetailsViewModel.swift; sourceTree = "<group>"; };
		B5FE06A825BA1CCD00CFC7DC /* UIViewController+Extensions.swift */ = {isa = PBXFileReference; lastKnownFileType = sourcecode.swift; name = "UIViewController+Extensions.swift"; path = "../../../../../Desktop/UIViewController+Extensions.swift"; sourceTree = "<group>"; };
		B5FE06AC25BA1E1D00CFC7DC /* RequestManager.swift */ = {isa = PBXFileReference; lastKnownFileType = sourcecode.swift; path = RequestManager.swift; sourceTree = "<group>"; };
		B5FE06B125BA201400CFC7DC /* Presentable.swift */ = {isa = PBXFileReference; fileEncoding = 4; lastKnownFileType = sourcecode.swift; path = Presentable.swift; sourceTree = "<group>"; };
		B5FE06B225BA201400CFC7DC /* Router.swift */ = {isa = PBXFileReference; fileEncoding = 4; lastKnownFileType = sourcecode.swift; path = Router.swift; sourceTree = "<group>"; };
		B5FE06B325BA201400CFC7DC /* Coordinator.swift */ = {isa = PBXFileReference; fileEncoding = 4; lastKnownFileType = sourcecode.swift; path = Coordinator.swift; sourceTree = "<group>"; };
		B5FE06B825BA202A00CFC7DC /* AppCoordinator.swift */ = {isa = PBXFileReference; lastKnownFileType = sourcecode.swift; path = AppCoordinator.swift; sourceTree = "<group>"; };
/* End PBXFileReference section */

/* Begin PBXFrameworksBuildPhase section */
		B53635B225BA181F003D8A36 /* Frameworks */ = {
			isa = PBXFrameworksBuildPhase;
			buildActionMask = 2147483647;
			files = (
				101E0110516A3BF3B1E3636F /* Pods_MovieSearchApp.framework in Frameworks */,
			);
			runOnlyForDeploymentPostprocessing = 0;
		};
/* End PBXFrameworksBuildPhase section */

/* Begin PBXGroup section */
		8A9BD736786BD073A077A516 /* Frameworks */ = {
			isa = PBXGroup;
			children = (
				646B8839EDDEB5D3B8CC3AFA /* Pods_MovieSearchApp.framework */,
			);
			name = Frameworks;
			sourceTree = "<group>";
		};
		B53635AC25BA181F003D8A36 = {
			isa = PBXGroup;
			children = (
				B53635B725BA181F003D8A36 /* MovieSearchApp */,
				B53635B625BA181F003D8A36 /* Products */,
				F68883CE31BC5E1342448DC6 /* Pods */,
				8A9BD736786BD073A077A516 /* Frameworks */,
			);
			sourceTree = "<group>";
		};
		B53635B625BA181F003D8A36 /* Products */ = {
			isa = PBXGroup;
			children = (
				B53635B525BA181F003D8A36 /* MovieSearchApp.app */,
			);
			name = Products;
			sourceTree = "<group>";
		};
		B53635B725BA181F003D8A36 /* MovieSearchApp */ = {
			isa = PBXGroup;
			children = (
				B5B9EB4825BC196000539456 /* Helpers */,
				B5A1904E25BADE3B0086B214 /* Models */,
				B5FE06B025BA201400CFC7DC /* Router */,
				B5FE06AB25BA1E1000CFC7DC /* Networking */,
				B5FE06A725BA1CB600CFC7DC /* Extensions */,
				B5FE069525BA1BA000CFC7DC /* MainFlow */,
				B53635B825BA181F003D8A36 /* AppDelegate.swift */,
				B53635BE25BA181F003D8A36 /* Main.storyboard */,
				B53635C125BA1820003D8A36 /* Assets.xcassets */,
				B53635C325BA1820003D8A36 /* LaunchScreen.storyboard */,
				B53635C625BA1820003D8A36 /* Info.plist */,
			);
			path = MovieSearchApp;
			sourceTree = "<group>";
		};
		B5A1904E25BADE3B0086B214 /* Models */ = {
			isa = PBXGroup;
			children = (
				B5A1904F25BADE470086B214 /* MovieData.swift */,
				B5A1905525BAE1C80086B214 /* MovieSearchResult.swift */,
				B53519E925BD8E6A008579CE /* MovieDetails.swift */,
			);
			path = Models;
			sourceTree = "<group>";
		};
		B5B9EB4825BC196000539456 /* Helpers */ = {
			isa = PBXGroup;
			children = (
				B5B9EB4925BC196C00539456 /* LoadingView.swift */,
			);
			path = Helpers;
			sourceTree = "<group>";
		};
		B5FE069525BA1BA000CFC7DC /* MainFlow */ = {
			isa = PBXGroup;
			children = (
				B5FE06B825BA202A00CFC7DC /* AppCoordinator.swift */,
				B5FE069625BA1BB400CFC7DC /* MovieList */,
				B5FE069725BA1BBF00CFC7DC /* MovieDetails */,
			);
			path = MainFlow;
			sourceTree = "<group>";
		};
		B5FE069625BA1BB400CFC7DC /* MovieList */ = {
			isa = PBXGroup;
			children = (
				B5FE069925BA1BE100CFC7DC /* MovieListViewController.swift */,
				B5FE06A025BA1BFA00CFC7DC /* MovieListViewModel.swift */,
				B5B9EB4525BC0FCE00539456 /* MovieCell.swift */,
				B5B9EB4C25BC2ADA00539456 /* MovieCollectionFooterView.swift */,
			);
			path = MovieList;
			sourceTree = "<group>";
		};
		B5FE069725BA1BBF00CFC7DC /* MovieDetails */ = {
			isa = PBXGroup;
			children = (
				B5FE069D25BA1BF000CFC7DC /* MovieDetailsViewController.swift */,
				B5FE06A325BA1C0600CFC7DC /* MovieDetailsViewModel.swift */,
			);
			path = MovieDetails;
			sourceTree = "<group>";
		};
		B5FE06A725BA1CB600CFC7DC /* Extensions */ = {
			isa = PBXGroup;
			children = (
				B5FE06A825BA1CCD00CFC7DC /* UIViewController+Extensions.swift */,
				B5A1904625BADCBA0086B214 /* DateFormatter+Extensions.swift */,
			);
			path = Extensions;
			sourceTree = "<group>";
		};
		B5FE06AB25BA1E1000CFC7DC /* Networking */ = {
			isa = PBXGroup;
			children = (
				B5FE06AC25BA1E1D00CFC7DC /* RequestManager.swift */,
				B5A1904325BADC810086B214 /* MovieAppError.swift */,
				B5A1904B25BADD850086B214 /* OMDBApi.swift */,
			);
			path = Networking;
			sourceTree = "<group>";
		};
		B5FE06B025BA201400CFC7DC /* Router */ = {
			isa = PBXGroup;
			children = (
				B5FE06B125BA201400CFC7DC /* Presentable.swift */,
				B5FE06B225BA201400CFC7DC /* Router.swift */,
				B5FE06B325BA201400CFC7DC /* Coordinator.swift */,
			);
			path = Router;
			sourceTree = "<group>";
		};
		F68883CE31BC5E1342448DC6 /* Pods */ = {
			isa = PBXGroup;
			children = (
				29FDB0BC6A589E2F162B97F2 /* Pods-MovieSearchApp.debug.xcconfig */,
				4080C01CA12606D6FEC713D3 /* Pods-MovieSearchApp.release.xcconfig */,
			);
			path = Pods;
			sourceTree = "<group>";
		};
/* End PBXGroup section */

/* Begin PBXNativeTarget section */
		B53635B425BA181F003D8A36 /* MovieSearchApp */ = {
			isa = PBXNativeTarget;
			buildConfigurationList = B53635C925BA1820003D8A36 /* Build configuration list for PBXNativeTarget "MovieSearchApp" */;
			buildPhases = (
				A79B7BF1E5DBB4CDF65136CC /* [CP] Check Pods Manifest.lock */,
				B53635B125BA181F003D8A36 /* Sources */,
				B53635B225BA181F003D8A36 /* Frameworks */,
				B53635B325BA181F003D8A36 /* Resources */,
				EAF1832FDC579851D3D69EDB /* [CP] Embed Pods Frameworks */,
			);
			buildRules = (
			);
			dependencies = (
			);
			name = MovieSearchApp;
			productName = MovieSearchApp;
			productReference = B53635B525BA181F003D8A36 /* MovieSearchApp.app */;
			productType = "com.apple.product-type.application";
		};
/* End PBXNativeTarget section */

/* Begin PBXProject section */
		B53635AD25BA181F003D8A36 /* Project object */ = {
			isa = PBXProject;
			attributes = {
				LastSwiftUpdateCheck = 1210;
				LastUpgradeCheck = 1210;
				TargetAttributes = {
					B53635B425BA181F003D8A36 = {
						CreatedOnToolsVersion = 12.1.1;
					};
				};
			};
			buildConfigurationList = B53635B025BA181F003D8A36 /* Build configuration list for PBXProject "MovieSearchApp" */;
			compatibilityVersion = "Xcode 9.3";
			developmentRegion = en;
			hasScannedForEncodings = 0;
			knownRegions = (
				en,
				Base,
			);
			mainGroup = B53635AC25BA181F003D8A36;
			productRefGroup = B53635B625BA181F003D8A36 /* Products */;
			projectDirPath = "";
			projectRoot = "";
			targets = (
				B53635B425BA181F003D8A36 /* MovieSearchApp */,
			);
		};
/* End PBXProject section */

/* Begin PBXResourcesBuildPhase section */
		B53635B325BA181F003D8A36 /* Resources */ = {
			isa = PBXResourcesBuildPhase;
			buildActionMask = 2147483647;
			files = (
				B53635C525BA1820003D8A36 /* LaunchScreen.storyboard in Resources */,
				B53635C225BA1820003D8A36 /* Assets.xcassets in Resources */,
				B53635C025BA181F003D8A36 /* Main.storyboard in Resources */,
			);
			runOnlyForDeploymentPostprocessing = 0;
		};
/* End PBXResourcesBuildPhase section */

/* Begin PBXShellScriptBuildPhase section */
		A79B7BF1E5DBB4CDF65136CC /* [CP] Check Pods Manifest.lock */ = {
			isa = PBXShellScriptBuildPhase;
			buildActionMask = 2147483647;
			files = (
			);
			inputFileListPaths = (
			);
			inputPaths = (
				"${PODS_PODFILE_DIR_PATH}/Podfile.lock",
				"${PODS_ROOT}/Manifest.lock",
			);
			name = "[CP] Check Pods Manifest.lock";
			outputFileListPaths = (
			);
			outputPaths = (
				"$(DERIVED_FILE_DIR)/Pods-MovieSearchApp-checkManifestLockResult.txt",
			);
			runOnlyForDeploymentPostprocessing = 0;
			shellPath = /bin/sh;
			shellScript = "diff \"${PODS_PODFILE_DIR_PATH}/Podfile.lock\" \"${PODS_ROOT}/Manifest.lock\" > /dev/null\nif [ $? != 0 ] ; then\n    # print error to STDERR\n    echo \"error: The sandbox is not in sync with the Podfile.lock. Run 'pod install' or update your CocoaPods installation.\" >&2\n    exit 1\nfi\n# This output is used by Xcode 'outputs' to avoid re-running this script phase.\necho \"SUCCESS\" > \"${SCRIPT_OUTPUT_FILE_0}\"\n";
			showEnvVarsInLog = 0;
		};
		EAF1832FDC579851D3D69EDB /* [CP] Embed Pods Frameworks */ = {
			isa = PBXShellScriptBuildPhase;
			buildActionMask = 2147483647;
			files = (
			);
			inputFileListPaths = (
				"${PODS_ROOT}/Target Support Files/Pods-MovieSearchApp/Pods-MovieSearchApp-frameworks-${CONFIGURATION}-input-files.xcfilelist",
			);
			name = "[CP] Embed Pods Frameworks";
			outputFileListPaths = (
				"${PODS_ROOT}/Target Support Files/Pods-MovieSearchApp/Pods-MovieSearchApp-frameworks-${CONFIGURATION}-output-files.xcfilelist",
			);
			runOnlyForDeploymentPostprocessing = 0;
			shellPath = /bin/sh;
			shellScript = "\"${PODS_ROOT}/Target Support Files/Pods-MovieSearchApp/Pods-MovieSearchApp-frameworks.sh\"\n";
			showEnvVarsInLog = 0;
		};
/* End PBXShellScriptBuildPhase section */

/* Begin PBXSourcesBuildPhase section */
		B53635B125BA181F003D8A36 /* Sources */ = {
			isa = PBXSourcesBuildPhase;
			buildActionMask = 2147483647;
			files = (
				B5FE06B925BA202A00CFC7DC /* AppCoordinator.swift in Sources */,
				B5B9EB4A25BC196C00539456 /* LoadingView.swift in Sources */,
				B5B9EB4625BC0FCE00539456 /* MovieCell.swift in Sources */,
				B53519EA25BD8E6A008579CE /* MovieDetails.swift in Sources */,
				B5FE069E25BA1BF000CFC7DC /* MovieDetailsViewController.swift in Sources */,
				B5FE06B425BA201400CFC7DC /* Presentable.swift in Sources */,
				B5A1905025BADE470086B214 /* MovieData.swift in Sources */,
				B5FE06B625BA201400CFC7DC /* Coordinator.swift in Sources */,
				B5FE069A25BA1BE100CFC7DC /* MovieListViewController.swift in Sources */,
				B5FE06A425BA1C0600CFC7DC /* MovieDetailsViewModel.swift in Sources */,
				B5A1905625BAE1C80086B214 /* MovieSearchResult.swift in Sources */,
				B5FE06B525BA201400CFC7DC /* Router.swift in Sources */,
				B53635B925BA181F003D8A36 /* AppDelegate.swift in Sources */,
				B5FE06AD25BA1E1D00CFC7DC /* RequestManager.swift in Sources */,
				B5A1904425BADC810086B214 /* MovieAppError.swift in Sources */,
				B5B9EB4D25BC2ADA00539456 /* MovieCollectionFooterView.swift in Sources */,
				B5A1904C25BADD850086B214 /* OMDBApi.swift in Sources */,
				B5FE06A925BA1CCD00CFC7DC /* UIViewController+Extensions.swift in Sources */,
				B5A1904725BADCBA0086B214 /* DateFormatter+Extensions.swift in Sources */,
				B5FE06A125BA1BFA00CFC7DC /* MovieListViewModel.swift in Sources */,
			);
			runOnlyForDeploymentPostprocessing = 0;
		};
/* End PBXSourcesBuildPhase section */

/* Begin PBXVariantGroup section */
		B53635BE25BA181F003D8A36 /* Main.storyboard */ = {
			isa = PBXVariantGroup;
			children = (
				B53635BF25BA181F003D8A36 /* Base */,
			);
			name = Main.storyboard;
			sourceTree = "<group>";
		};
		B53635C325BA1820003D8A36 /* LaunchScreen.storyboard */ = {
			isa = PBXVariantGroup;
			children = (
				B53635C425BA1820003D8A36 /* Base */,
			);
			name = LaunchScreen.storyboard;
			sourceTree = "<group>";
		};
/* End PBXVariantGroup section */

/* Begin XCBuildConfiguration section */
		B53635C725BA1820003D8A36 /* Debug */ = {
			isa = XCBuildConfiguration;
			buildSettings = {
				ALWAYS_SEARCH_USER_PATHS = NO;
				CLANG_ANALYZER_NONNULL = YES;
				CLANG_ANALYZER_NUMBER_OBJECT_CONVERSION = YES_AGGRESSIVE;
				CLANG_CXX_LANGUAGE_STANDARD = "gnu++14";
				CLANG_CXX_LIBRARY = "libc++";
				CLANG_ENABLE_MODULES = YES;
				CLANG_ENABLE_OBJC_ARC = YES;
				CLANG_ENABLE_OBJC_WEAK = YES;
				CLANG_WARN_BLOCK_CAPTURE_AUTORELEASING = YES;
				CLANG_WARN_BOOL_CONVERSION = YES;
				CLANG_WARN_COMMA = YES;
				CLANG_WARN_CONSTANT_CONVERSION = YES;
				CLANG_WARN_DEPRECATED_OBJC_IMPLEMENTATIONS = YES;
				CLANG_WARN_DIRECT_OBJC_ISA_USAGE = YES_ERROR;
				CLANG_WARN_DOCUMENTATION_COMMENTS = YES;
				CLANG_WARN_EMPTY_BODY = YES;
				CLANG_WARN_ENUM_CONVERSION = YES;
				CLANG_WARN_INFINITE_RECURSION = YES;
				CLANG_WARN_INT_CONVERSION = YES;
				CLANG_WARN_NON_LITERAL_NULL_CONVERSION = YES;
				CLANG_WARN_OBJC_IMPLICIT_RETAIN_SELF = YES;
				CLANG_WARN_OBJC_LITERAL_CONVERSION = YES;
				CLANG_WARN_OBJC_ROOT_CLASS = YES_ERROR;
				CLANG_WARN_QUOTED_INCLUDE_IN_FRAMEWORK_HEADER = YES;
				CLANG_WARN_RANGE_LOOP_ANALYSIS = YES;
				CLANG_WARN_STRICT_PROTOTYPES = YES;
				CLANG_WARN_SUSPICIOUS_MOVE = YES;
				CLANG_WARN_UNGUARDED_AVAILABILITY = YES_AGGRESSIVE;
				CLANG_WARN_UNREACHABLE_CODE = YES;
				CLANG_WARN__DUPLICATE_METHOD_MATCH = YES;
				COPY_PHASE_STRIP = NO;
				DEBUG_INFORMATION_FORMAT = dwarf;
				ENABLE_STRICT_OBJC_MSGSEND = YES;
				ENABLE_TESTABILITY = YES;
				GCC_C_LANGUAGE_STANDARD = gnu11;
				GCC_DYNAMIC_NO_PIC = NO;
				GCC_NO_COMMON_BLOCKS = YES;
				GCC_OPTIMIZATION_LEVEL = 0;
				GCC_PREPROCESSOR_DEFINITIONS = (
					"DEBUG=1",
					"$(inherited)",
				);
				GCC_WARN_64_TO_32_BIT_CONVERSION = YES;
				GCC_WARN_ABOUT_RETURN_TYPE = YES_ERROR;
				GCC_WARN_UNDECLARED_SELECTOR = YES;
				GCC_WARN_UNINITIALIZED_AUTOS = YES_AGGRESSIVE;
				GCC_WARN_UNUSED_FUNCTION = YES;
				GCC_WARN_UNUSED_VARIABLE = YES;
				IPHONEOS_DEPLOYMENT_TARGET = 13.0;
				MTL_ENABLE_DEBUG_INFO = INCLUDE_SOURCE;
				MTL_FAST_MATH = YES;
				ONLY_ACTIVE_ARCH = YES;
				SDKROOT = iphoneos;
				SWIFT_ACTIVE_COMPILATION_CONDITIONS = DEBUG;
				SWIFT_OPTIMIZATION_LEVEL = "-Onone";
			};
			name = Debug;
		};
		B53635C825BA1820003D8A36 /* Release */ = {
			isa = XCBuildConfiguration;
			buildSettings = {
				ALWAYS_SEARCH_USER_PATHS = NO;
				CLANG_ANALYZER_NONNULL = YES;
				CLANG_ANALYZER_NUMBER_OBJECT_CONVERSION = YES_AGGRESSIVE;
				CLANG_CXX_LANGUAGE_STANDARD = "gnu++14";
				CLANG_CXX_LIBRARY = "libc++";
				CLANG_ENABLE_MODULES = YES;
				CLANG_ENABLE_OBJC_ARC = YES;
				CLANG_ENABLE_OBJC_WEAK = YES;
				CLANG_WARN_BLOCK_CAPTURE_AUTORELEASING = YES;
				CLANG_WARN_BOOL_CONVERSION = YES;
				CLANG_WARN_COMMA = YES;
				CLANG_WARN_CONSTANT_CONVERSION = YES;
				CLANG_WARN_DEPRECATED_OBJC_IMPLEMENTATIONS = YES;
				CLANG_WARN_DIRECT_OBJC_ISA_USAGE = YES_ERROR;
				CLANG_WARN_DOCUMENTATION_COMMENTS = YES;
				CLANG_WARN_EMPTY_BODY = YES;
				CLANG_WARN_ENUM_CONVERSION = YES;
				CLANG_WARN_INFINITE_RECURSION = YES;
				CLANG_WARN_INT_CONVERSION = YES;
				CLANG_WARN_NON_LITERAL_NULL_CONVERSION = YES;
				CLANG_WARN_OBJC_IMPLICIT_RETAIN_SELF = YES;
				CLANG_WARN_OBJC_LITERAL_CONVERSION = YES;
				CLANG_WARN_OBJC_ROOT_CLASS = YES_ERROR;
				CLANG_WARN_QUOTED_INCLUDE_IN_FRAMEWORK_HEADER = YES;
				CLANG_WARN_RANGE_LOOP_ANALYSIS = YES;
				CLANG_WARN_STRICT_PROTOTYPES = YES;
				CLANG_WARN_SUSPICIOUS_MOVE = YES;
				CLANG_WARN_UNGUARDED_AVAILABILITY = YES_AGGRESSIVE;
				CLANG_WARN_UNREACHABLE_CODE = YES;
				CLANG_WARN__DUPLICATE_METHOD_MATCH = YES;
				COPY_PHASE_STRIP = NO;
				DEBUG_INFORMATION_FORMAT = "dwarf-with-dsym";
				ENABLE_NS_ASSERTIONS = NO;
				ENABLE_STRICT_OBJC_MSGSEND = YES;
				GCC_C_LANGUAGE_STANDARD = gnu11;
				GCC_NO_COMMON_BLOCKS = YES;
				GCC_WARN_64_TO_32_BIT_CONVERSION = YES;
				GCC_WARN_ABOUT_RETURN_TYPE = YES_ERROR;
				GCC_WARN_UNDECLARED_SELECTOR = YES;
				GCC_WARN_UNINITIALIZED_AUTOS = YES_AGGRESSIVE;
				GCC_WARN_UNUSED_FUNCTION = YES;
				GCC_WARN_UNUSED_VARIABLE = YES;
				IPHONEOS_DEPLOYMENT_TARGET = 13.0;
				MTL_ENABLE_DEBUG_INFO = NO;
				MTL_FAST_MATH = YES;
				SDKROOT = iphoneos;
				SWIFT_COMPILATION_MODE = wholemodule;
				SWIFT_OPTIMIZATION_LEVEL = "-O";
				VALIDATE_PRODUCT = YES;
			};
			name = Release;
		};
		B53635CA25BA1820003D8A36 /* Debug */ = {
			isa = XCBuildConfiguration;
			baseConfigurationReference = 29FDB0BC6A589E2F162B97F2 /* Pods-MovieSearchApp.debug.xcconfig */;
			buildSettings = {
				ASSETCATALOG_COMPILER_APPICON_NAME = AppIcon;
				ASSETCATALOG_COMPILER_GLOBAL_ACCENT_COLOR_NAME = AccentColor;
				CODE_SIGN_STYLE = Automatic;
				INFOPLIST_FILE = MovieSearchApp/Info.plist;
				IPHONEOS_DEPLOYMENT_TARGET = 13.0;
				LD_RUNPATH_SEARCH_PATHS = (
					"$(inherited)",
					"@executable_path/Frameworks",
				);
				PRODUCT_BUNDLE_IDENTIFIER = com.szymon.MovieSearchApp;
				PRODUCT_NAME = "$(TARGET_NAME)";
				SWIFT_VERSION = 5.0;
				TARGETED_DEVICE_FAMILY = "1,2";
			};
			name = Debug;
		};
		B53635CB25BA1820003D8A36 /* Release */ = {
			isa = XCBuildConfiguration;
			baseConfigurationReference = 4080C01CA12606D6FEC713D3 /* Pods-MovieSearchApp.release.xcconfig */;
			buildSettings = {
				ASSETCATALOG_COMPILER_APPICON_NAME = AppIcon;
				ASSETCATALOG_COMPILER_GLOBAL_ACCENT_COLOR_NAME = AccentColor;
				CODE_SIGN_STYLE = Automatic;
				INFOPLIST_FILE = MovieSearchApp/Info.plist;
				IPHONEOS_DEPLOYMENT_TARGET = 13.0;
				LD_RUNPATH_SEARCH_PATHS = (
					"$(inherited)",
					"@executable_path/Frameworks",
				);
				PRODUCT_BUNDLE_IDENTIFIER = com.szymon.MovieSearchApp;
				PRODUCT_NAME = "$(TARGET_NAME)";
				SWIFT_VERSION = 5.0;
				TARGETED_DEVICE_FAMILY = "1,2";
			};
			name = Release;
		};
/* End XCBuildConfiguration section */

/* Begin XCConfigurationList section */
		B53635B025BA181F003D8A36 /* Build configuration list for PBXProject "MovieSearchApp" */ = {
			isa = XCConfigurationList;
			buildConfigurations = (
				B53635C725BA1820003D8A36 /* Debug */,
				B53635C825BA1820003D8A36 /* Release */,
			);
			defaultConfigurationIsVisible = 0;
			defaultConfigurationName = Release;
		};
		B53635C925BA1820003D8A36 /* Build configuration list for PBXNativeTarget "MovieSearchApp" */ = {
			isa = XCConfigurationList;
			buildConfigurations = (
				B53635CA25BA1820003D8A36 /* Debug */,
				B53635CB25BA1820003D8A36 /* Release */,
			);
			defaultConfigurationIsVisible = 0;
			defaultConfigurationName = Release;
		};
/* End XCConfigurationList section */
	};
	rootObject = B53635AD25BA181F003D8A36 /* Project object */;
}
